
Microsoft Visual Studio Solution File, Format Version 12.00
# Visual Studio 15
VisualStudioVersion = 15.0.28307.645
MinimumVisualStudioVersion = 10.0.40219.1
Project("{FAE04EC0-301F-11D3-BF4B-00C04F79EFBC}") = "chuanzhi", "chuanzhi\chuanzhi.csproj", "{313702F0-2CAB-46D1-A9D9-9578638E35EE}"
EndProject
Global
	GlobalSection(SolutionConfigurationPlatforms) = preSolution
		Debug|Any CPU = Debug|Any CPU
		Release|Any CPU = Release|Any CPU
	EndGlobalSection
	GlobalSection(ProjectConfigurationPlatforms) = postSolution
		{313702F0-2CAB-46D1-A9D9-9578638E35EE}.Debug|Any CPU.ActiveCfg = Debug|Any CPU
		{313702F0-2CAB-46D1-A9D9-9578638E35EE}.Debug|Any CPU.Build.0 = Debug|Any CPU
		{313702F0-2CAB-46D1-A9D9-9578638E35EE}.Release|Any CPU.ActiveCfg = Release|Any CPU
		{313702F0-2CAB-46D1-A9D9-9578638E35EE}.Release|Any CPU.Build.0 = Release|Any CPU
	EndGlobalSection
	GlobalSection(SolutionProperties) = preSolution
		HideSolutionNode = FALSE
	EndGlobalSection
	GlobalSection(ExtensibilityGlobals) = postSolution
		SolutionGuid = {68E96EFC-D7BC-49B8-83F0-EBEBE01A3034}
	EndGlobalSection
EndGlobal
